// !$*UTF8*$!
{
	archiveVersion = 1;
	classes = {
	};
	objectVersion = 50;
	objects = {

/* Begin PBXBuildFile section */
		5270CFA42280838600092358 /* TableViewController.swift in Sources */ = {isa = PBXBuildFile; fileRef = 5270CFA22280838600092358 /* TableViewController.swift */; };
		5270CFA52280838600092358 /* TableView.xib in Resources */ = {isa = PBXBuildFile; fileRef = 5270CFA32280838600092358 /* TableView.xib */; };
		5270CFA822820A5900092358 /* LoginViewController.swift in Sources */ = {isa = PBXBuildFile; fileRef = 5270CFA622820A5900092358 /* LoginViewController.swift */; };
		5270CFAA22820A9800092358 /* LoginView.xib in Resources */ = {isa = PBXBuildFile; fileRef = 5270CFA722820A5900092358 /* LoginView.xib */; };
		528056952254DA520054922D /* AppDelegate.swift in Sources */ = {isa = PBXBuildFile; fileRef = 528056942254DA520054922D /* AppDelegate.swift */; };
		5280569D2254DA520054922D /* Model.xcdatamodeld in Sources */ = {isa = PBXBuildFile; fileRef = 5280569B2254DA520054922D /* Model.xcdatamodeld */; };
		5280569F2254DA530054922D /* Assets.xcassets in Resources */ = {isa = PBXBuildFile; fileRef = 5280569E2254DA530054922D /* Assets.xcassets */; };
		528056AA2254E0230054922D /* QuizView.xib in Resources */ = {isa = PBXBuildFile; fileRef = 528056A92254E0230054922D /* QuizView.xib */; };
		528056AC2254E7CD0054922D /* QuizViewController.swift in Sources */ = {isa = PBXBuildFile; fileRef = 528056AB2254E7CD0054922D /* QuizViewController.swift */; };
		528056B32255039C0054922D /* Category.swift in Sources */ = {isa = PBXBuildFile; fileRef = 528056B22255039C0054922D /* Category.swift */; };
		528056B5225505470054922D /* QuizService.swift in Sources */ = {isa = PBXBuildFile; fileRef = 528056B4225505470054922D /* QuizService.swift */; };
		528056B722554F600054922D /* Question.swift in Sources */ = {isa = PBXBuildFile; fileRef = 528056B622554F600054922D /* Question.swift */; };
		528056B9225566810054922D /* Quiz.swift in Sources */ = {isa = PBXBuildFile; fileRef = 528056B8225566810054922D /* Quiz.swift */; };
		5296345622C35D9100218BE4 /* TabBarViewController.swift in Sources */ = {isa = PBXBuildFile; fileRef = 5296345522C35D9100218BE4 /* TabBarViewController.swift */; };
		5296345922C36C3800218BE4 /* SettingsViewController.swift in Sources */ = {isa = PBXBuildFile; fileRef = 5296345722C36C3800218BE4 /* SettingsViewController.swift */; };
		5296345A22C36C3800218BE4 /* SettingsView.xib in Resources */ = {isa = PBXBuildFile; fileRef = 5296345822C36C3800218BE4 /* SettingsView.xib */; };
		5296345D22C371BA00218BE4 /* SearchViewController.swift in Sources */ = {isa = PBXBuildFile; fileRef = 5296345B22C371BA00218BE4 /* SearchViewController.swift */; };
		5296345E22C371BA00218BE4 /* SearchView.xib in Resources */ = {isa = PBXBuildFile; fileRef = 5296345C22C371BA00218BE4 /* SearchView.xib */; };
		5296346122C4B87D00218BE4 /* LeaderboardViewController.swift in Sources */ = {isa = PBXBuildFile; fileRef = 5296345F22C4B87D00218BE4 /* LeaderboardViewController.swift */; };
		5296346222C4B87D00218BE4 /* LeaderboardView.xib in Resources */ = {isa = PBXBuildFile; fileRef = 5296346022C4B87D00218BE4 /* LeaderboardView.xib */; };
		888051DAC4628A7729E16100 /* Pods_QuizTime.framework in Frameworks */ = {isa = PBXBuildFile; fileRef = 31C17F81A8FD55D436A4BB17 /* Pods_QuizTime.framework */; };
/* End PBXBuildFile section */

/* Begin PBXFileReference section */
		31C17F81A8FD55D436A4BB17 /* Pods_QuizTime.framework */ = {isa = PBXFileReference; explicitFileType = wrapper.framework; includeInIndex = 0; path = Pods_QuizTime.framework; sourceTree = BUILT_PRODUCTS_DIR; };
		44A695F78D7B8D84DC5EE129 /* Pods-QuizTime.release.xcconfig */ = {isa = PBXFileReference; includeInIndex = 1; lastKnownFileType = text.xcconfig; name = "Pods-QuizTime.release.xcconfig"; path = "Target Support Files/Pods-QuizTime/Pods-QuizTime.release.xcconfig"; sourceTree = "<group>"; };
		5270CFA22280838600092358 /* TableViewController.swift */ = {isa = PBXFileReference; lastKnownFileType = sourcecode.swift; path = TableViewController.swift; sourceTree = "<group>"; };
		5270CFA32280838600092358 /* TableView.xib */ = {isa = PBXFileReference; lastKnownFileType = file.xib; path = TableView.xib; sourceTree = "<group>"; };
		5270CFA622820A5900092358 /* LoginViewController.swift */ = {isa = PBXFileReference; lastKnownFileType = sourcecode.swift; path = LoginViewController.swift; sourceTree = "<group>"; };
		5270CFA722820A5900092358 /* LoginView.xib */ = {isa = PBXFileReference; lastKnownFileType = file.xib; path = LoginView.xib; sourceTree = "<group>"; };
		528056912254DA520054922D /* QuizTime.app */ = {isa = PBXFileReference; explicitFileType = wrapper.application; includeInIndex = 0; path = QuizTime.app; sourceTree = BUILT_PRODUCTS_DIR; };
		528056942254DA520054922D /* AppDelegate.swift */ = {isa = PBXFileReference; lastKnownFileType = sourcecode.swift; path = AppDelegate.swift; sourceTree = "<group>"; };
		5280569C2254DA520054922D /* QuizTime.xcdatamodel */ = {isa = PBXFileReference; lastKnownFileType = wrapper.xcdatamodel; path = QuizTime.xcdatamodel; sourceTree = "<group>"; };
		5280569E2254DA530054922D /* Assets.xcassets */ = {isa = PBXFileReference; lastKnownFileType = folder.assetcatalog; path = Assets.xcassets; sourceTree = "<group>"; };
		528056A32254DA530054922D /* Info.plist */ = {isa = PBXFileReference; lastKnownFileType = text.plist.xml; path = Info.plist; sourceTree = "<group>"; };
		528056A92254E0230054922D /* QuizView.xib */ = {isa = PBXFileReference; lastKnownFileType = file.xib; path = QuizView.xib; sourceTree = "<group>"; };
		528056AB2254E7CD0054922D /* QuizViewController.swift */ = {isa = PBXFileReference; lastKnownFileType = sourcecode.swift; path = QuizViewController.swift; sourceTree = "<group>"; };
		528056B22255039C0054922D /* Category.swift */ = {isa = PBXFileReference; lastKnownFileType = sourcecode.swift; name = Category.swift; path = QuizTime/Model/Category.swift; sourceTree = SOURCE_ROOT; };
		528056B4225505470054922D /* QuizService.swift */ = {isa = PBXFileReference; lastKnownFileType = sourcecode.swift; path = QuizService.swift; sourceTree = "<group>"; };
		528056B622554F600054922D /* Question.swift */ = {isa = PBXFileReference; lastKnownFileType = sourcecode.swift; path = Question.swift; sourceTree = "<group>"; };
		528056B8225566810054922D /* Quiz.swift */ = {isa = PBXFileReference; lastKnownFileType = sourcecode.swift; path = Quiz.swift; sourceTree = "<group>"; };
		5296345522C35D9100218BE4 /* TabBarViewController.swift */ = {isa = PBXFileReference; lastKnownFileType = sourcecode.swift; path = TabBarViewController.swift; sourceTree = "<group>"; };
		5296345722C36C3800218BE4 /* SettingsViewController.swift */ = {isa = PBXFileReference; lastKnownFileType = sourcecode.swift; path = SettingsViewController.swift; sourceTree = "<group>"; };
		5296345822C36C3800218BE4 /* SettingsView.xib */ = {isa = PBXFileReference; lastKnownFileType = file.xib; path = SettingsView.xib; sourceTree = "<group>"; };
		5296345B22C371BA00218BE4 /* SearchViewController.swift */ = {isa = PBXFileReference; lastKnownFileType = sourcecode.swift; path = SearchViewController.swift; sourceTree = "<group>"; };
		5296345C22C371BA00218BE4 /* SearchView.xib */ = {isa = PBXFileReference; lastKnownFileType = file.xib; path = SearchView.xib; sourceTree = "<group>"; };
		5296345F22C4B87D00218BE4 /* LeaderboardViewController.swift */ = {isa = PBXFileReference; lastKnownFileType = sourcecode.swift; path = LeaderboardViewController.swift; sourceTree = "<group>"; };
		5296346022C4B87D00218BE4 /* LeaderboardView.xib */ = {isa = PBXFileReference; lastKnownFileType = file.xib; path = LeaderboardView.xib; sourceTree = "<group>"; };
		555A4A7807D8F6E5A82350BF /* Pods-QuizTime.debug.xcconfig */ = {isa = PBXFileReference; includeInIndex = 1; lastKnownFileType = text.xcconfig; name = "Pods-QuizTime.debug.xcconfig"; path = "Target Support Files/Pods-QuizTime/Pods-QuizTime.debug.xcconfig"; sourceTree = "<group>"; };
/* End PBXFileReference section */

/* Begin PBXFrameworksBuildPhase section */
		5280568E2254DA520054922D /* Frameworks */ = {
			isa = PBXFrameworksBuildPhase;
			buildActionMask = 2147483647;
			files = (
				888051DAC4628A7729E16100 /* Pods_QuizTime.framework in Frameworks */,
			);
			runOnlyForDeploymentPostprocessing = 0;
		};
/* End PBXFrameworksBuildPhase section */

/* Begin PBXGroup section */
		528056882254DA520054922D = {
			isa = PBXGroup;
			children = (
				528056932254DA520054922D /* QuizTime */,
				528056922254DA520054922D /* Products */,
				A47353C1E1DC242B3F828B74 /* Pods */,
				7FA73D42583AD2D061216925 /* Frameworks */,
			);
			sourceTree = "<group>";
		};
		528056922254DA520054922D /* Products */ = {
			isa = PBXGroup;
			children = (
				528056912254DA520054922D /* QuizTime.app */,
			);
			name = Products;
			sourceTree = "<group>";
		};
		528056932254DA520054922D /* QuizTime */ = {
			isa = PBXGroup;
			children = (
				528056B12254F59F0054922D /* Model */,
				528056AF2254F5470054922D /* Service */,
				528056AE2254F5370054922D /* Controller */,
				528056AD2254F5170054922D /* View */,
				528056942254DA520054922D /* AppDelegate.swift */,
				5280569E2254DA530054922D /* Assets.xcassets */,
				528056A32254DA530054922D /* Info.plist */,
			);
			path = QuizTime;
			sourceTree = "<group>";
		};
		528056AD2254F5170054922D /* View */ = {
			isa = PBXGroup;
			children = (
				5296345C22C371BA00218BE4 /* SearchView.xib */,
				5296345822C36C3800218BE4 /* SettingsView.xib */,
				5270CFA722820A5900092358 /* LoginView.xib */,
				5296346022C4B87D00218BE4 /* LeaderboardView.xib */,
				528056A92254E0230054922D /* QuizView.xib */,
				5270CFA32280838600092358 /* TableView.xib */,
			);
			path = View;
			sourceTree = "<group>";
		};
		528056AE2254F5370054922D /* Controller */ = {
			isa = PBXGroup;
			children = (
				528056AB2254E7CD0054922D /* QuizViewController.swift */,
				5296345722C36C3800218BE4 /* SettingsViewController.swift */,
				5296345B22C371BA00218BE4 /* SearchViewController.swift */,
				5296345522C35D9100218BE4 /* TabBarViewController.swift */,
				5270CFA622820A5900092358 /* LoginViewController.swift */,
				5270CFA22280838600092358 /* TableViewController.swift */,
				5296345F22C4B87D00218BE4 /* LeaderboardViewController.swift */,
			);
			path = Controller;
			sourceTree = "<group>";
		};
		528056AF2254F5470054922D /* Service */ = {
			isa = PBXGroup;
			children = (
				528056B4225505470054922D /* QuizService.swift */,
			);
			path = Service;
			sourceTree = "<group>";
		};
		528056B12254F59F0054922D /* Model */ = {
			isa = PBXGroup;
			children = (
				528056B22255039C0054922D /* Category.swift */,
				528056B622554F600054922D /* Question.swift */,
				528056B8225566810054922D /* Quiz.swift */,
				5280569B2254DA520054922D /* Model.xcdatamodeld */,
			);
			path = Model;
			sourceTree = "<group>";
		};
		7FA73D42583AD2D061216925 /* Frameworks */ = {
			isa = PBXGroup;
			children = (
				31C17F81A8FD55D436A4BB17 /* Pods_QuizTime.framework */,
			);
			name = Frameworks;
			sourceTree = "<group>";
		};
		A47353C1E1DC242B3F828B74 /* Pods */ = {
			isa = PBXGroup;
			children = (
				555A4A7807D8F6E5A82350BF /* Pods-QuizTime.debug.xcconfig */,
				44A695F78D7B8D84DC5EE129 /* Pods-QuizTime.release.xcconfig */,
			);
			path = Pods;
			sourceTree = "<group>";
		};
/* End PBXGroup section */

/* Begin PBXNativeTarget section */
		528056902254DA520054922D /* QuizTime */ = {
			isa = PBXNativeTarget;
			buildConfigurationList = 528056A62254DA530054922D /* Build configuration list for PBXNativeTarget "QuizTime" */;
			buildPhases = (
				DDFC44D1EB143B165EBB1121 /* [CP] Check Pods Manifest.lock */,
				5280568D2254DA520054922D /* Sources */,
				5280568E2254DA520054922D /* Frameworks */,
				5280568F2254DA520054922D /* Resources */,
				CA51A039533AB40CCF02DCD8 /* [CP] Embed Pods Frameworks */,
			);
			buildRules = (
			);
			dependencies = (
			);
			name = QuizTime;
			productName = QuizTime;
			productReference = 528056912254DA520054922D /* QuizTime.app */;
			productType = "com.apple.product-type.application";
		};
/* End PBXNativeTarget section */

/* Begin PBXProject section */
		528056892254DA520054922D /* Project object */ = {
			isa = PBXProject;
			attributes = {
				LastSwiftUpdateCheck = 1010;
				LastUpgradeCheck = 1010;
				ORGANIZATIONNAME = Five;
				TargetAttributes = {
					528056902254DA520054922D = {
						CreatedOnToolsVersion = 10.1;
					};
				};
			};
			buildConfigurationList = 5280568C2254DA520054922D /* Build configuration list for PBXProject "QuizTime" */;
			compatibilityVersion = "Xcode 9.3";
			developmentRegion = en;
			hasScannedForEncodings = 0;
			knownRegions = (
				en,
				Base,
			);
			mainGroup = 528056882254DA520054922D;
			productRefGroup = 528056922254DA520054922D /* Products */;
			projectDirPath = "";
			projectRoot = "";
			targets = (
				528056902254DA520054922D /* QuizTime */,
			);
		};
/* End PBXProject section */

/* Begin PBXResourcesBuildPhase section */
		5280568F2254DA520054922D /* Resources */ = {
			isa = PBXResourcesBuildPhase;
			buildActionMask = 2147483647;
			files = (
				5296346222C4B87D00218BE4 /* LeaderboardView.xib in Resources */,
				5270CFA52280838600092358 /* TableView.xib in Resources */,
				528056AA2254E0230054922D /* QuizView.xib in Resources */,
				5296345E22C371BA00218BE4 /* SearchView.xib in Resources */,
				5270CFAA22820A9800092358 /* LoginView.xib in Resources */,
				5280569F2254DA530054922D /* Assets.xcassets in Resources */,
				5296345A22C36C3800218BE4 /* SettingsView.xib in Resources */,
			);
			runOnlyForDeploymentPostprocessing = 0;
		};
/* End PBXResourcesBuildPhase section */

/* Begin PBXShellScriptBuildPhase section */
		CA51A039533AB40CCF02DCD8 /* [CP] Embed Pods Frameworks */ = {
			isa = PBXShellScriptBuildPhase;
			buildActionMask = 2147483647;
			files = (
			);
			inputFileListPaths = (
			);
			inputPaths = (
				"${PODS_ROOT}/Target Support Files/Pods-QuizTime/Pods-QuizTime-frameworks.sh",
				"${BUILT_PRODUCTS_DIR}/Kingfisher/Kingfisher.framework",
				"${BUILT_PRODUCTS_DIR}/PureLayout/PureLayout.framework",
				"${BUILT_PRODUCTS_DIR}/Toast/Toast.framework",
			);
			name = "[CP] Embed Pods Frameworks";
			outputFileListPaths = (
			);
			outputPaths = (
				"${TARGET_BUILD_DIR}/${FRAMEWORKS_FOLDER_PATH}/Kingfisher.framework",
				"${TARGET_BUILD_DIR}/${FRAMEWORKS_FOLDER_PATH}/PureLayout.framework",
				"${TARGET_BUILD_DIR}/${FRAMEWORKS_FOLDER_PATH}/Toast.framework",
			);
			runOnlyForDeploymentPostprocessing = 0;
			shellPath = /bin/sh;
			shellScript = "\"${PODS_ROOT}/Target Support Files/Pods-QuizTime/Pods-QuizTime-frameworks.sh\"\n";
			showEnvVarsInLog = 0;
		};
		DDFC44D1EB143B165EBB1121 /* [CP] Check Pods Manifest.lock */ = {
			isa = PBXShellScriptBuildPhase;
			buildActionMask = 2147483647;
			files = (
			);
			inputFileListPaths = (
			);
			inputPaths = (
				"${PODS_PODFILE_DIR_PATH}/Podfile.lock",
				"${PODS_ROOT}/Manifest.lock",
			);
			name = "[CP] Check Pods Manifest.lock";
			outputFileListPaths = (
			);
			outputPaths = (
				"$(DERIVED_FILE_DIR)/Pods-QuizTime-checkManifestLockResult.txt",
			);
			runOnlyForDeploymentPostprocessing = 0;
			shellPath = /bin/sh;
			shellScript = "diff \"${PODS_PODFILE_DIR_PATH}/Podfile.lock\" \"${PODS_ROOT}/Manifest.lock\" > /dev/null\nif [ $? != 0 ] ; then\n    # print error to STDERR\n    echo \"error: The sandbox is not in sync with the Podfile.lock. Run 'pod install' or update your CocoaPods installation.\" >&2\n    exit 1\nfi\n# This output is used by Xcode 'outputs' to avoid re-running this script phase.\necho \"SUCCESS\" > \"${SCRIPT_OUTPUT_FILE_0}\"\n";
			showEnvVarsInLog = 0;
		};
/* End PBXShellScriptBuildPhase section */

/* Begin PBXSourcesBuildPhase section */
		5280568D2254DA520054922D /* Sources */ = {
			isa = PBXSourcesBuildPhase;
			buildActionMask = 2147483647;
			files = (
				5270CFA822820A5900092358 /* LoginViewController.swift in Sources */,
				528056B5225505470054922D /* QuizService.swift in Sources */,
				5296346122C4B87D00218BE4 /* LeaderboardViewController.swift in Sources */,
				5296345922C36C3800218BE4 /* SettingsViewController.swift in Sources */,
				528056AC2254E7CD0054922D /* QuizViewController.swift in Sources */,
				528056B9225566810054922D /* Quiz.swift in Sources */,
				5270CFA42280838600092358 /* TableViewController.swift in Sources */,
				5296345D22C371BA00218BE4 /* SearchViewController.swift in Sources */,
				5280569D2254DA520054922D /* Model.xcdatamodeld in Sources */,
				528056B722554F600054922D /* Question.swift in Sources */,
				528056B32255039C0054922D /* Category.swift in Sources */,
				5296345622C35D9100218BE4 /* TabBarViewController.swift in Sources */,
				528056952254DA520054922D /* AppDelegate.swift in Sources */,
			);
			runOnlyForDeploymentPostprocessing = 0;
		};
/* End PBXSourcesBuildPhase section */

/* Begin XCBuildConfiguration section */
		528056A42254DA530054922D /* Debug */ = {
			isa = XCBuildConfiguration;
			buildSettings = {
				ALWAYS_SEARCH_USER_PATHS = NO;
				CLANG_ANALYZER_NONNULL = YES;
				CLANG_ANALYZER_NUMBER_OBJECT_CONVERSION = YES_AGGRESSIVE;
				CLANG_CXX_LANGUAGE_STANDARD = "gnu++14";
				CLANG_CXX_LIBRARY = "libc++";
				CLANG_ENABLE_MODULES = YES;
				CLANG_ENABLE_OBJC_ARC = YES;
				CLANG_ENABLE_OBJC_WEAK = YES;
				CLANG_WARN_BLOCK_CAPTURE_AUTORELEASING = YES;
				CLANG_WARN_BOOL_CONVERSION = YES;
				CLANG_WARN_COMMA = YES;
				CLANG_WARN_CONSTANT_CONVERSION = YES;
				CLANG_WARN_DEPRECATED_OBJC_IMPLEMENTATIONS = YES;
				CLANG_WARN_DIRECT_OBJC_ISA_USAGE = YES_ERROR;
				CLANG_WARN_DOCUMENTATION_COMMENTS = YES;
				CLANG_WARN_EMPTY_BODY = YES;
				CLANG_WARN_ENUM_CONVERSION = YES;
				CLANG_WARN_INFINITE_RECURSION = YES;
				CLANG_WARN_INT_CONVERSION = YES;
				CLANG_WARN_NON_LITERAL_NULL_CONVERSION = YES;
				CLANG_WARN_OBJC_IMPLICIT_RETAIN_SELF = YES;
				CLANG_WARN_OBJC_LITERAL_CONVERSION = YES;
				CLANG_WARN_OBJC_ROOT_CLASS = YES_ERROR;
				CLANG_WARN_RANGE_LOOP_ANALYSIS = YES;
				CLANG_WARN_STRICT_PROTOTYPES = YES;
				CLANG_WARN_SUSPICIOUS_MOVE = YES;
				CLANG_WARN_UNGUARDED_AVAILABILITY = YES_AGGRESSIVE;
				CLANG_WARN_UNREACHABLE_CODE = YES;
				CLANG_WARN__DUPLICATE_METHOD_MATCH = YES;
				CODE_SIGN_IDENTITY = "iPhone Developer";
				COPY_PHASE_STRIP = NO;
				DEBUG_INFORMATION_FORMAT = dwarf;
				ENABLE_STRICT_OBJC_MSGSEND = YES;
				ENABLE_TESTABILITY = YES;
				GCC_C_LANGUAGE_STANDARD = gnu11;
				GCC_DYNAMIC_NO_PIC = NO;
				GCC_NO_COMMON_BLOCKS = YES;
				GCC_OPTIMIZATION_LEVEL = 0;
				GCC_PREPROCESSOR_DEFINITIONS = (
					"DEBUG=1",
					"$(inherited)",
				);
				GCC_WARN_64_TO_32_BIT_CONVERSION = YES;
				GCC_WARN_ABOUT_RETURN_TYPE = YES_ERROR;
				GCC_WARN_UNDECLARED_SELECTOR = YES;
				GCC_WARN_UNINITIALIZED_AUTOS = YES_AGGRESSIVE;
				GCC_WARN_UNUSED_FUNCTION = YES;
				GCC_WARN_UNUSED_VARIABLE = YES;
				IPHONEOS_DEPLOYMENT_TARGET = 12.1;
				MTL_ENABLE_DEBUG_INFO = INCLUDE_SOURCE;
				MTL_FAST_MATH = YES;
				ONLY_ACTIVE_ARCH = YES;
				SDKROOT = iphoneos;
				SWIFT_ACTIVE_COMPILATION_CONDITIONS = DEBUG;
				SWIFT_OPTIMIZATION_LEVEL = "-Onone";
			};
			name = Debug;
		};
		528056A52254DA530054922D /* Release */ = {
			isa = XCBuildConfiguration;
			buildSettings = {
				ALWAYS_SEARCH_USER_PATHS = NO;
				CLANG_ANALYZER_NONNULL = YES;
				CLANG_ANALYZER_NUMBER_OBJECT_CONVERSION = YES_AGGRESSIVE;
				CLANG_CXX_LANGUAGE_STANDARD = "gnu++14";
				CLANG_CXX_LIBRARY = "libc++";
				CLANG_ENABLE_MODULES = YES;
				CLANG_ENABLE_OBJC_ARC = YES;
				CLANG_ENABLE_OBJC_WEAK = YES;
				CLANG_WARN_BLOCK_CAPTURE_AUTORELEASING = YES;
				CLANG_WARN_BOOL_CONVERSION = YES;
				CLANG_WARN_COMMA = YES;
				CLANG_WARN_CONSTANT_CONVERSION = YES;
				CLANG_WARN_DEPRECATED_OBJC_IMPLEMENTATIONS = YES;
				CLANG_WARN_DIRECT_OBJC_ISA_USAGE = YES_ERROR;
				CLANG_WARN_DOCUMENTATION_COMMENTS = YES;
				CLANG_WARN_EMPTY_BODY = YES;
				CLANG_WARN_ENUM_CONVERSION = YES;
				CLANG_WARN_INFINITE_RECURSION = YES;
				CLANG_WARN_INT_CONVERSION = YES;
				CLANG_WARN_NON_LITERAL_NULL_CONVERSION = YES;
				CLANG_WARN_OBJC_IMPLICIT_RETAIN_SELF = YES;
				CLANG_WARN_OBJC_LITERAL_CONVERSION = YES;
				CLANG_WARN_OBJC_ROOT_CLASS = YES_ERROR;
				CLANG_WARN_RANGE_LOOP_ANALYSIS = YES;
				CLANG_WARN_STRICT_PROTOTYPES = YES;
				CLANG_WARN_SUSPICIOUS_MOVE = YES;
				CLANG_WARN_UNGUARDED_AVAILABILITY = YES_AGGRESSIVE;
				CLANG_WARN_UNREACHABLE_CODE = YES;
				CLANG_WARN__DUPLICATE_METHOD_MATCH = YES;
				CODE_SIGN_IDENTITY = "iPhone Developer";
				COPY_PHASE_STRIP = NO;
				DEBUG_INFORMATION_FORMAT = "dwarf-with-dsym";
				ENABLE_NS_ASSERTIONS = NO;
				ENABLE_STRICT_OBJC_MSGSEND = YES;
				GCC_C_LANGUAGE_STANDARD = gnu11;
				GCC_NO_COMMON_BLOCKS = YES;
				GCC_WARN_64_TO_32_BIT_CONVERSION = YES;
				GCC_WARN_ABOUT_RETURN_TYPE = YES_ERROR;
				GCC_WARN_UNDECLARED_SELECTOR = YES;
				GCC_WARN_UNINITIALIZED_AUTOS = YES_AGGRESSIVE;
				GCC_WARN_UNUSED_FUNCTION = YES;
				GCC_WARN_UNUSED_VARIABLE = YES;
				IPHONEOS_DEPLOYMENT_TARGET = 12.1;
				MTL_ENABLE_DEBUG_INFO = NO;
				MTL_FAST_MATH = YES;
				SDKROOT = iphoneos;
				SWIFT_COMPILATION_MODE = wholemodule;
				SWIFT_OPTIMIZATION_LEVEL = "-O";
				VALIDATE_PRODUCT = YES;
			};
			name = Release;
		};
		528056A72254DA530054922D /* Debug */ = {
			isa = XCBuildConfiguration;
			baseConfigurationReference = 555A4A7807D8F6E5A82350BF /* Pods-QuizTime.debug.xcconfig */;
			buildSettings = {
				ASSETCATALOG_COMPILER_APPICON_NAME = AppIcon;
				CODE_SIGN_STYLE = Automatic;
				DEVELOPMENT_TEAM = 5G7DWYSCC3;
				INFOPLIST_FILE = QuizTime/Info.plist;
				LD_RUNPATH_SEARCH_PATHS = (
					"$(inherited)",
					"@executable_path/Frameworks",
				);
				PRODUCT_BUNDLE_IDENTIFIER = hr.fer.marko.puk.QuizTime;
				PRODUCT_NAME = "$(TARGET_NAME)";
				SWIFT_VERSION = 4.2;
				TARGETED_DEVICE_FAMILY = "1,2";
			};
			name = Debug;
		};
		528056A82254DA530054922D /* Release */ = {
			isa = XCBuildConfiguration;
			baseConfigurationReference = 44A695F78D7B8D84DC5EE129 /* Pods-QuizTime.release.xcconfig */;
			buildSettings = {
				ASSETCATALOG_COMPILER_APPICON_NAME = AppIcon;
				CODE_SIGN_STYLE = Automatic;
				DEVELOPMENT_TEAM = 5G7DWYSCC3;
				INFOPLIST_FILE = QuizTime/Info.plist;
				LD_RUNPATH_SEARCH_PATHS = (
					"$(inherited)",
					"@executable_path/Frameworks",
				);
				PRODUCT_BUNDLE_IDENTIFIER = hr.fer.marko.puk.QuizTime;
				PRODUCT_NAME = "$(TARGET_NAME)";
				SWIFT_VERSION = 4.2;
				TARGETED_DEVICE_FAMILY = "1,2";
			};
			name = Release;
		};
/* End XCBuildConfiguration section */

/* Begin XCConfigurationList section */
		5280568C2254DA520054922D /* Build configuration list for PBXProject "QuizTime" */ = {
			isa = XCConfigurationList;
			buildConfigurations = (
				528056A42254DA530054922D /* Debug */,
				528056A52254DA530054922D /* Release */,
			);
			defaultConfigurationIsVisible = 0;
			defaultConfigurationName = Release;
		};
		528056A62254DA530054922D /* Build configuration list for PBXNativeTarget "QuizTime" */ = {
			isa = XCConfigurationList;
			buildConfigurations = (
				528056A72254DA530054922D /* Debug */,
				528056A82254DA530054922D /* Release */,
			);
			defaultConfigurationIsVisible = 0;
			defaultConfigurationName = Release;
		};
/* End XCConfigurationList section */

/* Begin XCVersionGroup section */
		5280569B2254DA520054922D /* Model.xcdatamodeld */ = {
			isa = XCVersionGroup;
			children = (
				5280569C2254DA520054922D /* QuizTime.xcdatamodel */,
			);
			currentVersion = 5280569C2254DA520054922D /* QuizTime.xcdatamodel */;
			path = Model.xcdatamodeld;
			sourceTree = "<group>";
			versionGroupType = wrapper.xcdatamodel;
		};
/* End XCVersionGroup section */
	};
	rootObject = 528056892254DA520054922D /* Project object */;
}
